
Microsoft Visual Studio Solution File, Format Version 12.00
# Visual Studio 14
VisualStudioVersion = 14.0.25420.1
MinimumVisualStudioVersion = 10.0.40219.1
Project("{FAE04EC0-301F-11D3-BF4B-00C04F79EFBC}") = "MineSweeper", "MineSweeper.csproj", "{B20E8DFD-5F12-4358-849D-1F25806E9052}"
EndProject
Project("{FAE04EC0-301F-11D3-BF4B-00C04F79EFBC}") = "01.FirstTask", "..\Class_123\01.FirstTask.csproj", "{43353C96-9BA9-4EF3-996C-F314DDC855B8}"
EndProject
Project("{FAE04EC0-301F-11D3-BF4B-00C04F79EFBC}") = "02.SecondTask", "02.Task\02.SecondTask.csproj", "{E1C993BE-57F0-482C-BB04-7F2C9B4BCDCF}"
EndProject
Project("{9092AA53-FB77-4645-B42D-1CCCA6BD08BD}") = "03.ThirdTask", "03.ThirdTask\03.ThirdTask.njsproj", "{E9F8A945-B63E-496B-8443-11A838BDC861}"
EndProject
Global
	GlobalSection(SolutionConfigurationPlatforms) = preSolution
		Debug|Any CPU = Debug|Any CPU
		Release|Any CPU = Release|Any CPU
	EndGlobalSection
	GlobalSection(ProjectConfigurationPlatforms) = postSolution
		{B20E8DFD-5F12-4358-849D-1F25806E9052}.Debug|Any CPU.ActiveCfg = Debug|Any CPU
		{B20E8DFD-5F12-4358-849D-1F25806E9052}.Debug|Any CPU.Build.0 = Debug|Any CPU
		{B20E8DFD-5F12-4358-849D-1F25806E9052}.Release|Any CPU.ActiveCfg = Release|Any CPU
		{B20E8DFD-5F12-4358-849D-1F25806E9052}.Release|Any CPU.Build.0 = Release|Any CPU
		{43353C96-9BA9-4EF3-996C-F314DDC855B8}.Debug|Any CPU.ActiveCfg = Debug|Any CPU
		{43353C96-9BA9-4EF3-996C-F314DDC855B8}.Debug|Any CPU.Build.0 = Debug|Any CPU
		{43353C96-9BA9-4EF3-996C-F314DDC855B8}.Release|Any CPU.ActiveCfg = Release|Any CPU
		{43353C96-9BA9-4EF3-996C-F314DDC855B8}.Release|Any CPU.Build.0 = Release|Any CPU
		{E1C993BE-57F0-482C-BB04-7F2C9B4BCDCF}.Debug|Any CPU.ActiveCfg = Debug|Any CPU
		{E1C993BE-57F0-482C-BB04-7F2C9B4BCDCF}.Debug|Any CPU.Build.0 = Debug|Any CPU
		{E1C993BE-57F0-482C-BB04-7F2C9B4BCDCF}.Release|Any CPU.ActiveCfg = Release|Any CPU
		{E1C993BE-57F0-482C-BB04-7F2C9B4BCDCF}.Release|Any CPU.Build.0 = Release|Any CPU
		{E9F8A945-B63E-496B-8443-11A838BDC861}.Debug|Any CPU.ActiveCfg = Debug|Any CPU
		{E9F8A945-B63E-496B-8443-11A838BDC861}.Debug|Any CPU.Build.0 = Debug|Any CPU
		{E9F8A945-B63E-496B-8443-11A838BDC861}.Release|Any CPU.ActiveCfg = Release|Any CPU
		{E9F8A945-B63E-496B-8443-11A838BDC861}.Release|Any CPU.Build.0 = Release|Any CPU
	EndGlobalSection
	GlobalSection(SolutionProperties) = preSolution
		HideSolutionNode = FALSE
	EndGlobalSection
EndGlobal
