
Microsoft Visual Studio Solution File, Format Version 12.00
# Visual Studio 15
VisualStudioVersion = 15.0.26730.12
MinimumVisualStudioVersion = 10.0.40219.1
Project("{FAE04EC0-301F-11D3-BF4B-00C04F79EFBC}") = "01.VariationsRepeats", "01.GenVariationsRepeats\01.VariationsRepeats.csproj", "{1B616597-97D1-460A-A680-9D449259D2FE}"
EndProject
Project("{FAE04EC0-301F-11D3-BF4B-00C04F79EFBC}") = "03.CombinationsWithRepeats", "03.CombinationsWithRepeats\03.CombinationsWithRepeats.csproj", "{6F4A0DA1-1B78-4BE3-84CD-FB0ABC4CCD3B}"
EndProject
Project("{FAE04EC0-301F-11D3-BF4B-00C04F79EFBC}") = "04.CombinationsNoRepeats", "04.CombinationsNoRepeats\04.CombinationsNoRepeats.csproj", "{EAD1C199-ED02-42CF-9B4F-0767B38DF925}"
EndProject
Project("{FAE04EC0-301F-11D3-BF4B-00C04F79EFBC}") = "02.VariationsNoRepeats", "02.GenVariationsNoRepeats\02.VariationsNoRepeats.csproj", "{D3F8A780-31F9-4BF4-9610-DA5512D73432}"
EndProject
Global
	GlobalSection(SolutionConfigurationPlatforms) = preSolution
		Debug|Any CPU = Debug|Any CPU
		Release|Any CPU = Release|Any CPU
	EndGlobalSection
	GlobalSection(ProjectConfigurationPlatforms) = postSolution
		{1B616597-97D1-460A-A680-9D449259D2FE}.Debug|Any CPU.ActiveCfg = Debug|Any CPU
		{1B616597-97D1-460A-A680-9D449259D2FE}.Debug|Any CPU.Build.0 = Debug|Any CPU
		{1B616597-97D1-460A-A680-9D449259D2FE}.Release|Any CPU.ActiveCfg = Release|Any CPU
		{1B616597-97D1-460A-A680-9D449259D2FE}.Release|Any CPU.Build.0 = Release|Any CPU
		{6F4A0DA1-1B78-4BE3-84CD-FB0ABC4CCD3B}.Debug|Any CPU.ActiveCfg = Debug|Any CPU
		{6F4A0DA1-1B78-4BE3-84CD-FB0ABC4CCD3B}.Debug|Any CPU.Build.0 = Debug|Any CPU
		{6F4A0DA1-1B78-4BE3-84CD-FB0ABC4CCD3B}.Release|Any CPU.ActiveCfg = Release|Any CPU
		{6F4A0DA1-1B78-4BE3-84CD-FB0ABC4CCD3B}.Release|Any CPU.Build.0 = Release|Any CPU
		{EAD1C199-ED02-42CF-9B4F-0767B38DF925}.Debug|Any CPU.ActiveCfg = Debug|Any CPU
		{EAD1C199-ED02-42CF-9B4F-0767B38DF925}.Debug|Any CPU.Build.0 = Debug|Any CPU
		{EAD1C199-ED02-42CF-9B4F-0767B38DF925}.Release|Any CPU.ActiveCfg = Release|Any CPU
		{EAD1C199-ED02-42CF-9B4F-0767B38DF925}.Release|Any CPU.Build.0 = Release|Any CPU
		{D3F8A780-31F9-4BF4-9610-DA5512D73432}.Debug|Any CPU.ActiveCfg = Debug|Any CPU
		{D3F8A780-31F9-4BF4-9610-DA5512D73432}.Debug|Any CPU.Build.0 = Debug|Any CPU
		{D3F8A780-31F9-4BF4-9610-DA5512D73432}.Release|Any CPU.ActiveCfg = Release|Any CPU
		{D3F8A780-31F9-4BF4-9610-DA5512D73432}.Release|Any CPU.Build.0 = Release|Any CPU
	EndGlobalSection
	GlobalSection(SolutionProperties) = preSolution
		HideSolutionNode = FALSE
	EndGlobalSection
	GlobalSection(ExtensibilityGlobals) = postSolution
		SolutionGuid = {4EC1997B-28E9-439B-9C9F-B1B02EC59B97}
	EndGlobalSection
EndGlobal
