
Microsoft Visual Studio Solution File, Format Version 12.00
# Visual Studio 15
VisualStudioVersion = 15.0.26430.15
MinimumVisualStudioVersion = 10.0.40219.1
Project("{FAE04EC0-301F-11D3-BF4B-00C04F79EFBC}") = "01.Task", "Mini-Exam\01.Task.csproj", "{D685DC4A-3BEC-4DB6-922D-EF4F3FA2FC4D}"
EndProject
Project("{FAE04EC0-301F-11D3-BF4B-00C04F79EFBC}") = "02.Task", "02.Task\02.Task.csproj", "{C02AEB77-A0DC-4483-B5A3-F7C51740E651}"
EndProject
Project("{FAE04EC0-301F-11D3-BF4B-00C04F79EFBC}") = "03.Task", "03.Task\03.Task.csproj", "{07689872-DD48-4978-AB1B-0BE0A1F015B3}"
EndProject
Global
	GlobalSection(SolutionConfigurationPlatforms) = preSolution
		Debug|Any CPU = Debug|Any CPU
		Release|Any CPU = Release|Any CPU
	EndGlobalSection
	GlobalSection(ProjectConfigurationPlatforms) = postSolution
		{D685DC4A-3BEC-4DB6-922D-EF4F3FA2FC4D}.Debug|Any CPU.ActiveCfg = Debug|Any CPU
		{D685DC4A-3BEC-4DB6-922D-EF4F3FA2FC4D}.Debug|Any CPU.Build.0 = Debug|Any CPU
		{D685DC4A-3BEC-4DB6-922D-EF4F3FA2FC4D}.Release|Any CPU.ActiveCfg = Release|Any CPU
		{D685DC4A-3BEC-4DB6-922D-EF4F3FA2FC4D}.Release|Any CPU.Build.0 = Release|Any CPU
		{C02AEB77-A0DC-4483-B5A3-F7C51740E651}.Debug|Any CPU.ActiveCfg = Debug|Any CPU
		{C02AEB77-A0DC-4483-B5A3-F7C51740E651}.Debug|Any CPU.Build.0 = Debug|Any CPU
		{C02AEB77-A0DC-4483-B5A3-F7C51740E651}.Release|Any CPU.ActiveCfg = Release|Any CPU
		{C02AEB77-A0DC-4483-B5A3-F7C51740E651}.Release|Any CPU.Build.0 = Release|Any CPU
		{07689872-DD48-4978-AB1B-0BE0A1F015B3}.Debug|Any CPU.ActiveCfg = Debug|Any CPU
		{07689872-DD48-4978-AB1B-0BE0A1F015B3}.Debug|Any CPU.Build.0 = Debug|Any CPU
		{07689872-DD48-4978-AB1B-0BE0A1F015B3}.Release|Any CPU.ActiveCfg = Release|Any CPU
		{07689872-DD48-4978-AB1B-0BE0A1F015B3}.Release|Any CPU.Build.0 = Release|Any CPU
	EndGlobalSection
	GlobalSection(SolutionProperties) = preSolution
		HideSolutionNode = FALSE
	EndGlobalSection
EndGlobal
