
Microsoft Visual Studio Solution File, Format Version 12.00
# Visual Studio 14
VisualStudioVersion = 14.0.25420.1
MinimumVisualStudioVersion = 10.0.40219.1
Project("{FAE04EC0-301F-11D3-BF4B-00C04F79EFBC}") = "01.DecimalToBinary", "01.DecimalToBinary\01.DecimalToBinary.csproj", "{83E7DD58-E9A0-41CA-ABFF-AAB961B0ACDB}"
EndProject
Project("{FAE04EC0-301F-11D3-BF4B-00C04F79EFBC}") = "02.BinaryToDecimal", "02.BinaryToDecimal\02.BinaryToDecimal.csproj", "{5C3C6BF5-D333-4F28-942C-A0BE38BB1096}"
EndProject
Project("{FAE04EC0-301F-11D3-BF4B-00C04F79EFBC}") = "03.DecimalToHexadecimal", "03.DecimalToHexadecimal\03.DecimalToHexadecimal.csproj", "{E37BE886-B1F8-4EDF-8980-9B420DF73995}"
EndProject
Project("{FAE04EC0-301F-11D3-BF4B-00C04F79EFBC}") = "04.HexadecimalToDecimal", "04.HexadecimalToDecimal\04.HexadecimalToDecimal.csproj", "{D137028E-86F3-4532-B102-C902390B7F77}"
EndProject
Project("{FAE04EC0-301F-11D3-BF4B-00C04F79EFBC}") = "05.HexadecimalToBinary", "05.HexadecimalToBinary\05.HexadecimalToBinary.csproj", "{0F4856E7-72A6-4F2C-AE36-0778AF5632B1}"
EndProject
Project("{FAE04EC0-301F-11D3-BF4B-00C04F79EFBC}") = "06.BinaryToHex", "06.BinaryToHex\06.BinaryToHex.csproj", "{2062EC1A-59A8-4B9B-8F66-F2367D434C32}"
EndProject
Project("{FAE04EC0-301F-11D3-BF4B-00C04F79EFBC}") = "07.OneSystemToAnyOther", "07.OneSystemToAnyOther\07.OneSystemToAnyOther.csproj", "{DA43B1F4-C73F-45BE-BD38-A9F9A95C444D}"
EndProject
Project("{FAE04EC0-301F-11D3-BF4B-00C04F79EFBC}") = "08.BinaryShort", "08.BinaryShort\08.BinaryShort.csproj", "{076A67AB-6EEA-4F38-84F8-8A35A00AEBD5}"
EndProject
Global
	GlobalSection(SolutionConfigurationPlatforms) = preSolution
		Debug|Any CPU = Debug|Any CPU
		Release|Any CPU = Release|Any CPU
	EndGlobalSection
	GlobalSection(ProjectConfigurationPlatforms) = postSolution
		{83E7DD58-E9A0-41CA-ABFF-AAB961B0ACDB}.Debug|Any CPU.ActiveCfg = Debug|Any CPU
		{83E7DD58-E9A0-41CA-ABFF-AAB961B0ACDB}.Debug|Any CPU.Build.0 = Debug|Any CPU
		{83E7DD58-E9A0-41CA-ABFF-AAB961B0ACDB}.Release|Any CPU.ActiveCfg = Release|Any CPU
		{83E7DD58-E9A0-41CA-ABFF-AAB961B0ACDB}.Release|Any CPU.Build.0 = Release|Any CPU
		{5C3C6BF5-D333-4F28-942C-A0BE38BB1096}.Debug|Any CPU.ActiveCfg = Debug|Any CPU
		{5C3C6BF5-D333-4F28-942C-A0BE38BB1096}.Debug|Any CPU.Build.0 = Debug|Any CPU
		{5C3C6BF5-D333-4F28-942C-A0BE38BB1096}.Release|Any CPU.ActiveCfg = Release|Any CPU
		{5C3C6BF5-D333-4F28-942C-A0BE38BB1096}.Release|Any CPU.Build.0 = Release|Any CPU
		{E37BE886-B1F8-4EDF-8980-9B420DF73995}.Debug|Any CPU.ActiveCfg = Debug|Any CPU
		{E37BE886-B1F8-4EDF-8980-9B420DF73995}.Debug|Any CPU.Build.0 = Debug|Any CPU
		{E37BE886-B1F8-4EDF-8980-9B420DF73995}.Release|Any CPU.ActiveCfg = Release|Any CPU
		{E37BE886-B1F8-4EDF-8980-9B420DF73995}.Release|Any CPU.Build.0 = Release|Any CPU
		{D137028E-86F3-4532-B102-C902390B7F77}.Debug|Any CPU.ActiveCfg = Debug|Any CPU
		{D137028E-86F3-4532-B102-C902390B7F77}.Debug|Any CPU.Build.0 = Debug|Any CPU
		{D137028E-86F3-4532-B102-C902390B7F77}.Release|Any CPU.ActiveCfg = Release|Any CPU
		{D137028E-86F3-4532-B102-C902390B7F77}.Release|Any CPU.Build.0 = Release|Any CPU
		{0F4856E7-72A6-4F2C-AE36-0778AF5632B1}.Debug|Any CPU.ActiveCfg = Debug|Any CPU
		{0F4856E7-72A6-4F2C-AE36-0778AF5632B1}.Debug|Any CPU.Build.0 = Debug|Any CPU
		{0F4856E7-72A6-4F2C-AE36-0778AF5632B1}.Release|Any CPU.ActiveCfg = Release|Any CPU
		{0F4856E7-72A6-4F2C-AE36-0778AF5632B1}.Release|Any CPU.Build.0 = Release|Any CPU
		{2062EC1A-59A8-4B9B-8F66-F2367D434C32}.Debug|Any CPU.ActiveCfg = Debug|Any CPU
		{2062EC1A-59A8-4B9B-8F66-F2367D434C32}.Debug|Any CPU.Build.0 = Debug|Any CPU
		{2062EC1A-59A8-4B9B-8F66-F2367D434C32}.Release|Any CPU.ActiveCfg = Release|Any CPU
		{2062EC1A-59A8-4B9B-8F66-F2367D434C32}.Release|Any CPU.Build.0 = Release|Any CPU
		{DA43B1F4-C73F-45BE-BD38-A9F9A95C444D}.Debug|Any CPU.ActiveCfg = Debug|Any CPU
		{DA43B1F4-C73F-45BE-BD38-A9F9A95C444D}.Debug|Any CPU.Build.0 = Debug|Any CPU
		{DA43B1F4-C73F-45BE-BD38-A9F9A95C444D}.Release|Any CPU.ActiveCfg = Release|Any CPU
		{DA43B1F4-C73F-45BE-BD38-A9F9A95C444D}.Release|Any CPU.Build.0 = Release|Any CPU
		{076A67AB-6EEA-4F38-84F8-8A35A00AEBD5}.Debug|Any CPU.ActiveCfg = Debug|Any CPU
		{076A67AB-6EEA-4F38-84F8-8A35A00AEBD5}.Debug|Any CPU.Build.0 = Debug|Any CPU
		{076A67AB-6EEA-4F38-84F8-8A35A00AEBD5}.Release|Any CPU.ActiveCfg = Release|Any CPU
		{076A67AB-6EEA-4F38-84F8-8A35A00AEBD5}.Release|Any CPU.Build.0 = Release|Any CPU
	EndGlobalSection
	GlobalSection(SolutionProperties) = preSolution
		HideSolutionNode = FALSE
	EndGlobalSection
EndGlobal
